PODS:
  - MockReaderUI (2.0.0-alpha9)
  - ReaderSDK2 (2.0.0-alpha9)
  - ReaderSDK2SampleApp (2.0.0-alpha9):
    - MockReaderUI (= 2.0.0-alpha9)
    - ReaderSDK2 (= 2.0.0-alpha9)
    - ReaderSDK2UI (= 2.0.0-alpha9)
  - ReaderSDK2SampleApp/SampleApp (2.0.0-alpha9):
    - MockReaderUI (= 2.0.0-alpha9)
    - ReaderSDK2 (= 2.0.0-alpha9)
    - ReaderSDK2UI (= 2.0.0-alpha9)
  - ReaderSDK2UI (2.0.0-alpha9):
    - ReaderSDK2 (= 2.0.0-alpha9)

DEPENDENCIES:
  - MockReaderUI (from `./MockReaderUI.podspec`)
  - ReaderSDK2 (from `./ReaderSDK2.podspec`)
  - ReaderSDK2SampleApp (from `./`)
  - ReaderSDK2SampleApp/SampleApp (from `./`)
  - ReaderSDK2UI (from `./`)

EXTERNAL SOURCES:
  MockReaderUI:
    :podspec: "./MockReaderUI.podspec"
  ReaderSDK2:
    :podspec: "./ReaderSDK2.podspec"
  ReaderSDK2SampleApp:
    :path: "./"
  ReaderSDK2UI:
    :path: "./"

SPEC CHECKSUMS:
  MockReaderUI: f2ea2926d7f87c879db865d9820f4701978388c5
  ReaderSDK2: f23641ba076f1eaa23ef2d4fa6dc4b62443f1992
  ReaderSDK2SampleApp: 69b9104855837d0728705d6f38c81a30e82a49a6
  ReaderSDK2UI: 4226d0d74216481e8d3e59cfe070c02449e31775

PODFILE CHECKSUM: 49cdcba03e8fd0da94b3ff2f419d58225379c2a2

COCOAPODS: 1.10.1
